
Microsoft Visual Studio Solution File, Format Version 12.00
# Visual Studio Version 16
VisualStudioVersion = 16.0.29709.97
MinimumVisualStudioVersion = 10.0.40219.1
Project("{9A19103F-16F7-4668-BE54-9A1E7A4F7556}") = "01. Sum Seconds", "01. Sum Seconds\01. Sum Seconds.csproj", "{E1BC7A0E-5C3C-4504-9D1A-43519BD31D2F}"
EndProject
Project("{9A19103F-16F7-4668-BE54-9A1E7A4F7556}") = "02. Bonus Score", "02. Bonus Score\02. Bonus Score.csproj", "{EF60277B-C26B-4EA1-A2C7-AE2C2E7CE0CD}"
EndProject
Project("{9A19103F-16F7-4668-BE54-9A1E7A4F7556}") = "03. Speed Info", "03. Speed Info\03. Speed Info.csproj", "{8C9EB103-C568-4426-9156-74142B44AAA7}"
EndProject
Project("{9A19103F-16F7-4668-BE54-9A1E7A4F7556}") = "04. Metric Converter", "04. Metric Converter\04. Metric Converter.csproj", "{5A742F7F-0403-4136-9E01-E3AF2D45B5DA}"
EndProject
Project("{FAE04EC0-301F-11D3-BF4B-00C04F79EFBC}") = "05. Time + 15 Minutes", "05. Time + 15 Minutes\05. Time + 15 Minutes.csproj", "{9535ACC7-CF2F-4885-B8B4-D88597447610}"
EndProject
Project("{FAE04EC0-301F-11D3-BF4B-00C04F79EFBC}") = "06. Godzilla vs. Kong", "06. Godzilla vs. Kong\06. Godzilla vs. Kong.csproj", "{E3565CE0-E1DA-4648-89E3-5980E1887F8A}"
EndProject
Project("{FAE04EC0-301F-11D3-BF4B-00C04F79EFBC}") = "07. World Swimming Record", "07. World Swimming Record\07. World Swimming Record.csproj", "{100B3EB5-7F91-4B4D-8FC7-D6899BF7B2C0}"
EndProject
Global
	GlobalSection(SolutionConfigurationPlatforms) = preSolution
		Debug|Any CPU = Debug|Any CPU
		Release|Any CPU = Release|Any CPU
	EndGlobalSection
	GlobalSection(ProjectConfigurationPlatforms) = postSolution
		{E1BC7A0E-5C3C-4504-9D1A-43519BD31D2F}.Debug|Any CPU.ActiveCfg = Debug|Any CPU
		{E1BC7A0E-5C3C-4504-9D1A-43519BD31D2F}.Debug|Any CPU.Build.0 = Debug|Any CPU
		{E1BC7A0E-5C3C-4504-9D1A-43519BD31D2F}.Release|Any CPU.ActiveCfg = Release|Any CPU
		{E1BC7A0E-5C3C-4504-9D1A-43519BD31D2F}.Release|Any CPU.Build.0 = Release|Any CPU
		{EF60277B-C26B-4EA1-A2C7-AE2C2E7CE0CD}.Debug|Any CPU.ActiveCfg = Debug|Any CPU
		{EF60277B-C26B-4EA1-A2C7-AE2C2E7CE0CD}.Debug|Any CPU.Build.0 = Debug|Any CPU
		{EF60277B-C26B-4EA1-A2C7-AE2C2E7CE0CD}.Release|Any CPU.ActiveCfg = Release|Any CPU
		{EF60277B-C26B-4EA1-A2C7-AE2C2E7CE0CD}.Release|Any CPU.Build.0 = Release|Any CPU
		{8C9EB103-C568-4426-9156-74142B44AAA7}.Debug|Any CPU.ActiveCfg = Debug|Any CPU
		{8C9EB103-C568-4426-9156-74142B44AAA7}.Debug|Any CPU.Build.0 = Debug|Any CPU
		{8C9EB103-C568-4426-9156-74142B44AAA7}.Release|Any CPU.ActiveCfg = Release|Any CPU
		{8C9EB103-C568-4426-9156-74142B44AAA7}.Release|Any CPU.Build.0 = Release|Any CPU
		{5A742F7F-0403-4136-9E01-E3AF2D45B5DA}.Debug|Any CPU.ActiveCfg = Debug|Any CPU
		{5A742F7F-0403-4136-9E01-E3AF2D45B5DA}.Debug|Any CPU.Build.0 = Debug|Any CPU
		{5A742F7F-0403-4136-9E01-E3AF2D45B5DA}.Release|Any CPU.ActiveCfg = Release|Any CPU
		{5A742F7F-0403-4136-9E01-E3AF2D45B5DA}.Release|Any CPU.Build.0 = Release|Any CPU
		{9535ACC7-CF2F-4885-B8B4-D88597447610}.Debug|Any CPU.ActiveCfg = Debug|Any CPU
		{9535ACC7-CF2F-4885-B8B4-D88597447610}.Debug|Any CPU.Build.0 = Debug|Any CPU
		{9535ACC7-CF2F-4885-B8B4-D88597447610}.Release|Any CPU.ActiveCfg = Release|Any CPU
		{9535ACC7-CF2F-4885-B8B4-D88597447610}.Release|Any CPU.Build.0 = Release|Any CPU
		{E3565CE0-E1DA-4648-89E3-5980E1887F8A}.Debug|Any CPU.ActiveCfg = Debug|Any CPU
		{E3565CE0-E1DA-4648-89E3-5980E1887F8A}.Debug|Any CPU.Build.0 = Debug|Any CPU
		{E3565CE0-E1DA-4648-89E3-5980E1887F8A}.Release|Any CPU.ActiveCfg = Release|Any CPU
		{E3565CE0-E1DA-4648-89E3-5980E1887F8A}.Release|Any CPU.Build.0 = Release|Any CPU
		{100B3EB5-7F91-4B4D-8FC7-D6899BF7B2C0}.Debug|Any CPU.ActiveCfg = Debug|Any CPU
		{100B3EB5-7F91-4B4D-8FC7-D6899BF7B2C0}.Debug|Any CPU.Build.0 = Debug|Any CPU
		{100B3EB5-7F91-4B4D-8FC7-D6899BF7B2C0}.Release|Any CPU.ActiveCfg = Release|Any CPU
		{100B3EB5-7F91-4B4D-8FC7-D6899BF7B2C0}.Release|Any CPU.Build.0 = Release|Any CPU
	EndGlobalSection
	GlobalSection(SolutionProperties) = preSolution
		HideSolutionNode = FALSE
	EndGlobalSection
	GlobalSection(ExtensibilityGlobals) = postSolution
		SolutionGuid = {7A91A32A-8468-4380-8DCD-219DEC52E1B9}
	EndGlobalSection
EndGlobal
